
Microsoft Visual Studio Solution File, Format Version 12.00
# Visual Studio Version 17
VisualStudioVersion = 17.10.35027.167
MinimumVisualStudioVersion = 10.0.40219.1
Project("{FAE04EC0-301F-11D3-BF4B-00C04F79EFBC}") = "Jenkins-dotnet-tutorial", "Jenkins-dotnet-tutorial\Jenkins-dotnet-tutorial.csproj", "{84D23BE5-E36D-4866-8ECE-9A61D2F6634D}"
EndProject
Global
	GlobalSection(SolutionConfigurationPlatforms) = preSolution
		Debug|Any CPU = Debug|Any CPU
		Release|Any CPU = Release|Any CPU
	EndGlobalSection
	GlobalSection(ProjectConfigurationPlatforms) = postSolution
		{84D23BE5-E36D-4866-8ECE-9A61D2F6634D}.Debug|Any CPU.ActiveCfg = Debug|Any CPU
		{84D23BE5-E36D-4866-8ECE-9A61D2F6634D}.Debug|Any CPU.Build.0 = Debug|Any CPU
		{84D23BE5-E36D-4866-8ECE-9A61D2F6634D}.Release|Any CPU.ActiveCfg = Release|Any CPU
		{84D23BE5-E36D-4866-8ECE-9A61D2F6634D}.Release|Any CPU.Build.0 = Release|Any CPU
	EndGlobalSection
	GlobalSection(SolutionProperties) = preSolution
		HideSolutionNode = FALSE
	EndGlobalSection
	GlobalSection(ExtensibilityGlobals) = postSolution
		SolutionGuid = {9D1DA580-4830-42AF-8DC0-13B562C086B9}
	EndGlobalSection
EndGlobal
